
Microsoft Visual Studio Solution File, Format Version 12.00
# Visual Studio Version 17
VisualStudioVersion = 17.7.34031.279
MinimumVisualStudioVersion = 10.0.40219.1
Project("{2150E333-8FDC-42A3-9474-1A3956D46DE8}") = "Enterprise Business Rules", "Enterprise Business Rules", "{83D9182A-2BBF-4247-8C33-B4AF6E970974}"
EndProject
Project("{2150E333-8FDC-42A3-9474-1A3956D46DE8}") = "Application Business Rules", "Application Business Rules", "{A7531060-28AD-4369-9A48-355A7C0295B6}"
EndProject
Project("{2150E333-8FDC-42A3-9474-1A3956D46DE8}") = "Interface Adapters", "Interface Adapters", "{83CCB42C-62C0-467F-AFAD-DBB54FEDD0B9}"
EndProject
Project("{FAE04EC0-301F-11D3-BF4B-00C04F79EFBC}") = "Crud.Entities", "Crud.Entities\Crud.Entities.csproj", "{EAE22501-81D4-4598-A684-2CCB772855CA}"
EndProject
Project("{FAE04EC0-301F-11D3-BF4B-00C04F79EFBC}") = "Crud.CasosDeUso", "Crud.CasosDeUso\Crud.CasosDeUso.csproj", "{C9F8C741-9161-4B8E-B884-5A7B0AA9C525}"
EndProject
Project("{FAE04EC0-301F-11D3-BF4B-00C04F79EFBC}") = "Crud.CasosDeUsoPuertos", "Crud.CasosDeUsoPuertos\Crud.CasosDeUsoPuertos.csproj", "{C916E4DA-3ED5-4219-9A17-17AA9BD033C2}"
EndProject
Project("{FAE04EC0-301F-11D3-BF4B-00C04F79EFBC}") = "DTOs", "DTOs\DTOs.csproj", "{DD1EC6E2-27E7-4DD6-90C8-863549BE2DC4}"
EndProject
Project("{2150E333-8FDC-42A3-9474-1A3956D46DE8}") = "GateWays", "GateWays", "{6D1D3E51-3D95-4CC2-955C-71FD76B18B3F}"
EndProject
Project("{FAE04EC0-301F-11D3-BF4B-00C04F79EFBC}") = "Crud.RepositorioEFCore", "Crud.RepositorioEFCore\Crud.RepositorioEFCore.csproj", "{96D38224-8074-4AC6-8AFD-6EE8857CFC4D}"
EndProject
Project("{2150E333-8FDC-42A3-9474-1A3956D46DE8}") = "Presenters", "Presenters", "{6996558E-9999-412E-8EAC-3AE69A86CAF1}"
EndProject
Project("{FAE04EC0-301F-11D3-BF4B-00C04F79EFBC}") = "Crud.Presenter", "Crud.Presenter\Crud.Presenter.csproj", "{B16DBFEB-DF8D-4767-BD65-723015707A76}"
EndProject
Project("{2150E333-8FDC-42A3-9474-1A3956D46DE8}") = "Controllers", "Controllers", "{BA14A08C-9E86-4F95-9BC6-91510B20B704}"
EndProject
Project("{FAE04EC0-301F-11D3-BF4B-00C04F79EFBC}") = "Crud.Controllers", "Crud.Controllers\Crud.Controllers.csproj", "{05592B20-EC6C-418C-9299-7F51F540CD75}"
EndProject
Project("{2150E333-8FDC-42A3-9474-1A3956D46DE8}") = "FrameWorks And Drivers", "FrameWorks And Drivers", "{743C115D-C19C-4958-88C1-D9666032BE3B}"
EndProject
Project("{2150E333-8FDC-42A3-9474-1A3956D46DE8}") = "UIs", "UIs", "{265C958F-4020-44F2-A006-AC17A87C267D}"
EndProject
Project("{FAE04EC0-301F-11D3-BF4B-00C04F79EFBC}") = "Crud.Api", "Crud.Api\Crud.Api.csproj", "{CC9BE970-75BB-4084-B6F5-B713C7BAFCEB}"
EndProject
Project("{FAE04EC0-301F-11D3-BF4B-00C04F79EFBC}") = "Crud.IOC", "Crud.IOC\Crud.IOC.csproj", "{7B8B602A-9962-47DC-A75B-AED90BF4B9F8}"
EndProject
Global
	GlobalSection(SolutionConfigurationPlatforms) = preSolution
		Debug|Any CPU = Debug|Any CPU
		Release|Any CPU = Release|Any CPU
	EndGlobalSection
	GlobalSection(ProjectConfigurationPlatforms) = postSolution
		{EAE22501-81D4-4598-A684-2CCB772855CA}.Debug|Any CPU.ActiveCfg = Debug|Any CPU
		{EAE22501-81D4-4598-A684-2CCB772855CA}.Debug|Any CPU.Build.0 = Debug|Any CPU
		{EAE22501-81D4-4598-A684-2CCB772855CA}.Release|Any CPU.ActiveCfg = Release|Any CPU
		{EAE22501-81D4-4598-A684-2CCB772855CA}.Release|Any CPU.Build.0 = Release|Any CPU
		{C9F8C741-9161-4B8E-B884-5A7B0AA9C525}.Debug|Any CPU.ActiveCfg = Debug|Any CPU
		{C9F8C741-9161-4B8E-B884-5A7B0AA9C525}.Debug|Any CPU.Build.0 = Debug|Any CPU
		{C9F8C741-9161-4B8E-B884-5A7B0AA9C525}.Release|Any CPU.ActiveCfg = Release|Any CPU
		{C9F8C741-9161-4B8E-B884-5A7B0AA9C525}.Release|Any CPU.Build.0 = Release|Any CPU
		{C916E4DA-3ED5-4219-9A17-17AA9BD033C2}.Debug|Any CPU.ActiveCfg = Debug|Any CPU
		{C916E4DA-3ED5-4219-9A17-17AA9BD033C2}.Debug|Any CPU.Build.0 = Debug|Any CPU
		{C916E4DA-3ED5-4219-9A17-17AA9BD033C2}.Release|Any CPU.ActiveCfg = Release|Any CPU
		{C916E4DA-3ED5-4219-9A17-17AA9BD033C2}.Release|Any CPU.Build.0 = Release|Any CPU
		{DD1EC6E2-27E7-4DD6-90C8-863549BE2DC4}.Debug|Any CPU.ActiveCfg = Debug|Any CPU
		{DD1EC6E2-27E7-4DD6-90C8-863549BE2DC4}.Debug|Any CPU.Build.0 = Debug|Any CPU
		{DD1EC6E2-27E7-4DD6-90C8-863549BE2DC4}.Release|Any CPU.ActiveCfg = Release|Any CPU
		{DD1EC6E2-27E7-4DD6-90C8-863549BE2DC4}.Release|Any CPU.Build.0 = Release|Any CPU
		{96D38224-8074-4AC6-8AFD-6EE8857CFC4D}.Debug|Any CPU.ActiveCfg = Debug|Any CPU
		{96D38224-8074-4AC6-8AFD-6EE8857CFC4D}.Debug|Any CPU.Build.0 = Debug|Any CPU
		{96D38224-8074-4AC6-8AFD-6EE8857CFC4D}.Release|Any CPU.ActiveCfg = Release|Any CPU
		{96D38224-8074-4AC6-8AFD-6EE8857CFC4D}.Release|Any CPU.Build.0 = Release|Any CPU
		{B16DBFEB-DF8D-4767-BD65-723015707A76}.Debug|Any CPU.ActiveCfg = Debug|Any CPU
		{B16DBFEB-DF8D-4767-BD65-723015707A76}.Debug|Any CPU.Build.0 = Debug|Any CPU
		{B16DBFEB-DF8D-4767-BD65-723015707A76}.Release|Any CPU.ActiveCfg = Release|Any CPU
		{B16DBFEB-DF8D-4767-BD65-723015707A76}.Release|Any CPU.Build.0 = Release|Any CPU
		{05592B20-EC6C-418C-9299-7F51F540CD75}.Debug|Any CPU.ActiveCfg = Debug|Any CPU
		{05592B20-EC6C-418C-9299-7F51F540CD75}.Debug|Any CPU.Build.0 = Debug|Any CPU
		{05592B20-EC6C-418C-9299-7F51F540CD75}.Release|Any CPU.ActiveCfg = Release|Any CPU
		{05592B20-EC6C-418C-9299-7F51F540CD75}.Release|Any CPU.Build.0 = Release|Any CPU
		{CC9BE970-75BB-4084-B6F5-B713C7BAFCEB}.Debug|Any CPU.ActiveCfg = Debug|Any CPU
		{CC9BE970-75BB-4084-B6F5-B713C7BAFCEB}.Debug|Any CPU.Build.0 = Debug|Any CPU
		{CC9BE970-75BB-4084-B6F5-B713C7BAFCEB}.Release|Any CPU.ActiveCfg = Release|Any CPU
		{CC9BE970-75BB-4084-B6F5-B713C7BAFCEB}.Release|Any CPU.Build.0 = Release|Any CPU
		{7B8B602A-9962-47DC-A75B-AED90BF4B9F8}.Debug|Any CPU.ActiveCfg = Debug|Any CPU
		{7B8B602A-9962-47DC-A75B-AED90BF4B9F8}.Debug|Any CPU.Build.0 = Debug|Any CPU
		{7B8B602A-9962-47DC-A75B-AED90BF4B9F8}.Release|Any CPU.ActiveCfg = Release|Any CPU
		{7B8B602A-9962-47DC-A75B-AED90BF4B9F8}.Release|Any CPU.Build.0 = Release|Any CPU
	EndGlobalSection
	GlobalSection(SolutionProperties) = preSolution
		HideSolutionNode = FALSE
	EndGlobalSection
	GlobalSection(NestedProjects) = preSolution
		{EAE22501-81D4-4598-A684-2CCB772855CA} = {83D9182A-2BBF-4247-8C33-B4AF6E970974}
		{C9F8C741-9161-4B8E-B884-5A7B0AA9C525} = {A7531060-28AD-4369-9A48-355A7C0295B6}
		{C916E4DA-3ED5-4219-9A17-17AA9BD033C2} = {A7531060-28AD-4369-9A48-355A7C0295B6}
		{DD1EC6E2-27E7-4DD6-90C8-863549BE2DC4} = {A7531060-28AD-4369-9A48-355A7C0295B6}
		{6D1D3E51-3D95-4CC2-955C-71FD76B18B3F} = {83CCB42C-62C0-467F-AFAD-DBB54FEDD0B9}
		{96D38224-8074-4AC6-8AFD-6EE8857CFC4D} = {6D1D3E51-3D95-4CC2-955C-71FD76B18B3F}
		{6996558E-9999-412E-8EAC-3AE69A86CAF1} = {83CCB42C-62C0-467F-AFAD-DBB54FEDD0B9}
		{B16DBFEB-DF8D-4767-BD65-723015707A76} = {6996558E-9999-412E-8EAC-3AE69A86CAF1}
		{BA14A08C-9E86-4F95-9BC6-91510B20B704} = {83CCB42C-62C0-467F-AFAD-DBB54FEDD0B9}
		{05592B20-EC6C-418C-9299-7F51F540CD75} = {BA14A08C-9E86-4F95-9BC6-91510B20B704}
		{265C958F-4020-44F2-A006-AC17A87C267D} = {743C115D-C19C-4958-88C1-D9666032BE3B}
		{CC9BE970-75BB-4084-B6F5-B713C7BAFCEB} = {265C958F-4020-44F2-A006-AC17A87C267D}
		{7B8B602A-9962-47DC-A75B-AED90BF4B9F8} = {743C115D-C19C-4958-88C1-D9666032BE3B}
	EndGlobalSection
	GlobalSection(ExtensibilityGlobals) = postSolution
		SolutionGuid = {24BEC299-418B-4D71-A516-85B6C88B4CFC}
	EndGlobalSection
EndGlobal
